// !$*UTF8*$!
{
	archiveVersion = 1;
	classes = {
	};
	objectVersion = 56;
	objects = {

/* Begin PBXBuildFile section */
		919EF4D929993E7900B1DF20 /* Cryptocurrency_Price_AppApp.swift in Sources */ = {isa = PBXBuildFile; fileRef = 919EF4D829993E7900B1DF20 /* Cryptocurrency_Price_AppApp.swift */; };
		919EF4DB29993E7900B1DF20 /* ContentView.swift in Sources */ = {isa = PBXBuildFile; fileRef = 919EF4DA29993E7900B1DF20 /* ContentView.swift */; };
		919EF4DD29993E7C00B1DF20 /* Assets.xcassets in Resources */ = {isa = PBXBuildFile; fileRef = 919EF4DC29993E7C00B1DF20 /* Assets.xcassets */; };
		919EF4E029993E7C00B1DF20 /* Preview Assets.xcassets in Resources */ = {isa = PBXBuildFile; fileRef = 919EF4DF29993E7C00B1DF20 /* Preview Assets.xcassets */; };
		919EF4E7299944E800B1DF20 /* CurrenciesData.swift in Sources */ = {isa = PBXBuildFile; fileRef = 919EF4E6299944E800B1DF20 /* CurrenciesData.swift */; };
		919EF4E92999451F00B1DF20 /* Currency.swift in Sources */ = {isa = PBXBuildFile; fileRef = 919EF4E82999451F00B1DF20 /* Currency.swift */; };
		919EF4EB299945ED00B1DF20 /* CoinLoreAPI.swift in Sources */ = {isa = PBXBuildFile; fileRef = 919EF4EA299945ED00B1DF20 /* CoinLoreAPI.swift */; };
		919EF4EE2999721500B1DF20 /* Currencies.swift in Sources */ = {isa = PBXBuildFile; fileRef = 919EF4ED2999721500B1DF20 /* Currencies.swift */; };
		919EF4F0299A446500B1DF20 /* CurrencyCardView.swift in Sources */ = {isa = PBXBuildFile; fileRef = 919EF4EF299A446500B1DF20 /* CurrencyCardView.swift */; };
/* End PBXBuildFile section */

/* Begin PBXFileReference section */
		919EF4D529993E7900B1DF20 /* Cryptocurrency Price App.app */ = {isa = PBXFileReference; explicitFileType = wrapper.application; includeInIndex = 0; path = "Cryptocurrency Price App.app"; sourceTree = BUILT_PRODUCTS_DIR; };
		919EF4D829993E7900B1DF20 /* Cryptocurrency_Price_AppApp.swift */ = {isa = PBXFileReference; lastKnownFileType = sourcecode.swift; path = Cryptocurrency_Price_AppApp.swift; sourceTree = "<group>"; };
		919EF4DA29993E7900B1DF20 /* ContentView.swift */ = {isa = PBXFileReference; lastKnownFileType = sourcecode.swift; path = ContentView.swift; sourceTree = "<group>"; };
		919EF4DC29993E7C00B1DF20 /* Assets.xcassets */ = {isa = PBXFileReference; lastKnownFileType = folder.assetcatalog; path = Assets.xcassets; sourceTree = "<group>"; };
		919EF4DF29993E7C00B1DF20 /* Preview Assets.xcassets */ = {isa = PBXFileReference; lastKnownFileType = folder.assetcatalog; path = "Preview Assets.xcassets"; sourceTree = "<group>"; };
		919EF4E6299944E800B1DF20 /* CurrenciesData.swift */ = {isa = PBXFileReference; lastKnownFileType = sourcecode.swift; path = CurrenciesData.swift; sourceTree = "<group>"; };
		919EF4E82999451F00B1DF20 /* Currency.swift */ = {isa = PBXFileReference; lastKnownFileType = sourcecode.swift; path = Currency.swift; sourceTree = "<group>"; };
		919EF4EA299945ED00B1DF20 /* CoinLoreAPI.swift */ = {isa = PBXFileReference; lastKnownFileType = sourcecode.swift; path = CoinLoreAPI.swift; sourceTree = "<group>"; };
		919EF4ED2999721500B1DF20 /* Currencies.swift */ = {isa = PBXFileReference; lastKnownFileType = sourcecode.swift; path = Currencies.swift; sourceTree = "<group>"; };
		919EF4EF299A446500B1DF20 /* CurrencyCardView.swift */ = {isa = PBXFileReference; lastKnownFileType = sourcecode.swift; path = CurrencyCardView.swift; sourceTree = "<group>"; };
/* End PBXFileReference section */

/* Begin PBXFrameworksBuildPhase section */
		919EF4D229993E7900B1DF20 /* Frameworks */ = {
			isa = PBXFrameworksBuildPhase;
			buildActionMask = 2147483647;
			files = (
			);
			runOnlyForDeploymentPostprocessing = 0;
		};
/* End PBXFrameworksBuildPhase section */

/* Begin PBXGroup section */
		919EF4CC29993E7800B1DF20 = {
			isa = PBXGroup;
			children = (
				919EF4D729993E7900B1DF20 /* Cryptocurrency Price App */,
				919EF4D629993E7900B1DF20 /* Products */,
			);
			sourceTree = "<group>";
		};
		919EF4D629993E7900B1DF20 /* Products */ = {
			isa = PBXGroup;
			children = (
				919EF4D529993E7900B1DF20 /* Cryptocurrency Price App.app */,
			);
			name = Products;
			sourceTree = "<group>";
		};
		919EF4D729993E7900B1DF20 /* Cryptocurrency Price App */ = {
			isa = PBXGroup;
			children = (
				919EF4D829993E7900B1DF20 /* Cryptocurrency_Price_AppApp.swift */,
				919EF4DA29993E7900B1DF20 /* ContentView.swift */,
				919EF4E6299944E800B1DF20 /* CurrenciesData.swift */,
				919EF4E82999451F00B1DF20 /* Currency.swift */,
				919EF4EA299945ED00B1DF20 /* CoinLoreAPI.swift */,
				919EF4ED2999721500B1DF20 /* Currencies.swift */,
				919EF4DC29993E7C00B1DF20 /* Assets.xcassets */,
				919EF4DE29993E7C00B1DF20 /* Preview Content */,
				919EF4EF299A446500B1DF20 /* CurrencyCardView.swift */,
			);
			path = "Cryptocurrency Price App";
			sourceTree = "<group>";
		};
		919EF4DE29993E7C00B1DF20 /* Preview Content */ = {
			isa = PBXGroup;
			children = (
				919EF4DF29993E7C00B1DF20 /* Preview Assets.xcassets */,
			);
			path = "Preview Content";
			sourceTree = "<group>";
		};
/* End PBXGroup section */

/* Begin PBXNativeTarget section */
		919EF4D429993E7900B1DF20 /* Cryptocurrency Price App */ = {
			isa = PBXNativeTarget;
			buildConfigurationList = 919EF4E329993E7C00B1DF20 /* Build configuration list for PBXNativeTarget "Cryptocurrency Price App" */;
			buildPhases = (
				919EF4D129993E7900B1DF20 /* Sources */,
				919EF4D229993E7900B1DF20 /* Frameworks */,
				919EF4D329993E7900B1DF20 /* Resources */,
			);
			buildRules = (
			);
			dependencies = (
			);
			name = "Cryptocurrency Price App";
			productName = "Cryptocurrency Price App";
			productReference = 919EF4D529993E7900B1DF20 /* Cryptocurrency Price App.app */;
			productType = "com.apple.product-type.application";
		};
/* End PBXNativeTarget section */

/* Begin PBXProject section */
		919EF4CD29993E7800B1DF20 /* Project object */ = {
			isa = PBXProject;
			attributes = {
				BuildIndependentTargetsInParallel = 1;
				LastSwiftUpdateCheck = 1420;
				LastUpgradeCheck = 1420;
				TargetAttributes = {
					919EF4D429993E7900B1DF20 = {
						CreatedOnToolsVersion = 14.2;
					};
				};
			};
			buildConfigurationList = 919EF4D029993E7800B1DF20 /* Build configuration list for PBXProject "Cryptocurrency Price App" */;
			compatibilityVersion = "Xcode 14.0";
			developmentRegion = en;
			hasScannedForEncodings = 0;
			knownRegions = (
				en,
				Base,
			);
			mainGroup = 919EF4CC29993E7800B1DF20;
			productRefGroup = 919EF4D629993E7900B1DF20 /* Products */;
			projectDirPath = "";
			projectRoot = "";
			targets = (
				919EF4D429993E7900B1DF20 /* Cryptocurrency Price App */,
			);
		};
/* End PBXProject section */

/* Begin PBXResourcesBuildPhase section */
		919EF4D329993E7900B1DF20 /* Resources */ = {
			isa = PBXResourcesBuildPhase;
			buildActionMask = 2147483647;
			files = (
				919EF4E029993E7C00B1DF20 /* Preview Assets.xcassets in Resources */,
				919EF4DD29993E7C00B1DF20 /* Assets.xcassets in Resources */,
			);
			runOnlyForDeploymentPostprocessing = 0;
		};
/* End PBXResourcesBuildPhase section */

/* Begin PBXSourcesBuildPhase section */
		919EF4D129993E7900B1DF20 /* Sources */ = {
			isa = PBXSourcesBuildPhase;
			buildActionMask = 2147483647;
			files = (
				919EF4EE2999721500B1DF20 /* Currencies.swift in Sources */,
				919EF4E92999451F00B1DF20 /* Currency.swift in Sources */,
				919EF4DB29993E7900B1DF20 /* ContentView.swift in Sources */,
				919EF4D929993E7900B1DF20 /* Cryptocurrency_Price_AppApp.swift in Sources */,
				919EF4EB299945ED00B1DF20 /* CoinLoreAPI.swift in Sources */,
				919EF4F0299A446500B1DF20 /* CurrencyCardView.swift in Sources */,
				919EF4E7299944E800B1DF20 /* CurrenciesData.swift in Sources */,
			);
			runOnlyForDeploymentPostprocessing = 0;
		};
/* End PBXSourcesBuildPhase section */

/* Begin XCBuildConfiguration section */
		919EF4E129993E7C00B1DF20 /* Debug */ = {
			isa = XCBuildConfiguration;
			buildSettings = {
				ALWAYS_SEARCH_USER_PATHS = NO;
				CLANG_ANALYZER_NONNULL = YES;
				CLANG_ANALYZER_NUMBER_OBJECT_CONVERSION = YES_AGGRESSIVE;
				CLANG_CXX_LANGUAGE_STANDARD = "gnu++20";
				CLANG_ENABLE_MODULES = YES;
				CLANG_ENABLE_OBJC_ARC = YES;
				CLANG_ENABLE_OBJC_WEAK = YES;
				CLANG_WARN_BLOCK_CAPTURE_AUTORELEASING = YES;
				CLANG_WARN_BOOL_CONVERSION = YES;
				CLANG_WARN_COMMA = YES;
				CLANG_WARN_CONSTANT_CONVERSION = YES;
				CLANG_WARN_DEPRECATED_OBJC_IMPLEMENTATIONS = YES;
				CLANG_WARN_DIRECT_OBJC_ISA_USAGE = YES_ERROR;
				CLANG_WARN_DOCUMENTATION_COMMENTS = YES;
				CLANG_WARN_EMPTY_BODY = YES;
				CLANG_WARN_ENUM_CONVERSION = YES;
				CLANG_WARN_INFINITE_RECURSION = YES;
				CLANG_WARN_INT_CONVERSION = YES;
				CLANG_WARN_NON_LITERAL_NULL_CONVERSION = YES;
				CLANG_WARN_OBJC_IMPLICIT_RETAIN_SELF = YES;
				CLANG_WARN_OBJC_LITERAL_CONVERSION = YES;
				CLANG_WARN_OBJC_ROOT_CLASS = YES_ERROR;
				CLANG_WARN_QUOTED_INCLUDE_IN_FRAMEWORK_HEADER = YES;
				CLANG_WARN_RANGE_LOOP_ANALYSIS = YES;
				CLANG_WARN_STRICT_PROTOTYPES = YES;
				CLANG_WARN_SUSPICIOUS_MOVE = YES;
				CLANG_WARN_UNGUARDED_AVAILABILITY = YES_AGGRESSIVE;
				CLANG_WARN_UNREACHABLE_CODE = YES;
				CLANG_WARN__DUPLICATE_METHOD_MATCH = YES;
				COPY_PHASE_STRIP = NO;
				DEBUG_INFORMATION_FORMAT = dwarf;
				ENABLE_STRICT_OBJC_MSGSEND = YES;
				ENABLE_TESTABILITY = YES;
				GCC_C_LANGUAGE_STANDARD = gnu11;
				GCC_DYNAMIC_NO_PIC = NO;
				GCC_NO_COMMON_BLOCKS = YES;
				GCC_OPTIMIZATION_LEVEL = 0;
				GCC_PREPROCESSOR_DEFINITIONS = (
					"DEBUG=1",
					"$(inherited)",
				);
				GCC_WARN_64_TO_32_BIT_CONVERSION = YES;
				GCC_WARN_ABOUT_RETURN_TYPE = YES_ERROR;
				GCC_WARN_UNDECLARED_SELECTOR = YES;
				GCC_WARN_UNINITIALIZED_AUTOS = YES_AGGRESSIVE;
				GCC_WARN_UNUSED_FUNCTION = YES;
				GCC_WARN_UNUSED_VARIABLE = YES;
				IPHONEOS_DEPLOYMENT_TARGET = 16.2;
				MTL_ENABLE_DEBUG_INFO = INCLUDE_SOURCE;
				MTL_FAST_MATH = YES;
				ONLY_ACTIVE_ARCH = YES;
				SDKROOT = iphoneos;
				SWIFT_ACTIVE_COMPILATION_CONDITIONS = DEBUG;
				SWIFT_OPTIMIZATION_LEVEL = "-Onone";
			};
			name = Debug;
		};
		919EF4E229993E7C00B1DF20 /* Release */ = {
			isa = XCBuildConfiguration;
			buildSettings = {
				ALWAYS_SEARCH_USER_PATHS = NO;
				CLANG_ANALYZER_NONNULL = YES;
				CLANG_ANALYZER_NUMBER_OBJECT_CONVERSION = YES_AGGRESSIVE;
				CLANG_CXX_LANGUAGE_STANDARD = "gnu++20";
				CLANG_ENABLE_MODULES = YES;
				CLANG_ENABLE_OBJC_ARC = YES;
				CLANG_ENABLE_OBJC_WEAK = YES;
				CLANG_WARN_BLOCK_CAPTURE_AUTORELEASING = YES;
				CLANG_WARN_BOOL_CONVERSION = YES;
				CLANG_WARN_COMMA = YES;
				CLANG_WARN_CONSTANT_CONVERSION = YES;
				CLANG_WARN_DEPRECATED_OBJC_IMPLEMENTATIONS = YES;
				CLANG_WARN_DIRECT_OBJC_ISA_USAGE = YES_ERROR;
				CLANG_WARN_DOCUMENTATION_COMMENTS = YES;
				CLANG_WARN_EMPTY_BODY = YES;
				CLANG_WARN_ENUM_CONVERSION = YES;
				CLANG_WARN_INFINITE_RECURSION = YES;
				CLANG_WARN_INT_CONVERSION = YES;
				CLANG_WARN_NON_LITERAL_NULL_CONVERSION = YES;
				CLANG_WARN_OBJC_IMPLICIT_RETAIN_SELF = YES;
				CLANG_WARN_OBJC_LITERAL_CONVERSION = YES;
				CLANG_WARN_OBJC_ROOT_CLASS = YES_ERROR;
				CLANG_WARN_QUOTED_INCLUDE_IN_FRAMEWORK_HEADER = YES;
				CLANG_WARN_RANGE_LOOP_ANALYSIS = YES;
				CLANG_WARN_STRICT_PROTOTYPES = YES;
				CLANG_WARN_SUSPICIOUS_MOVE = YES;
				CLANG_WARN_UNGUARDED_AVAILABILITY = YES_AGGRESSIVE;
				CLANG_WARN_UNREACHABLE_CODE = YES;
				CLANG_WARN__DUPLICATE_METHOD_MATCH = YES;
				COPY_PHASE_STRIP = NO;
				DEBUG_INFORMATION_FORMAT = "dwarf-with-dsym";
				ENABLE_NS_ASSERTIONS = NO;
				ENABLE_STRICT_OBJC_MSGSEND = YES;
				GCC_C_LANGUAGE_STANDARD = gnu11;
				GCC_NO_COMMON_BLOCKS = YES;
				GCC_WARN_64_TO_32_BIT_CONVERSION = YES;
				GCC_WARN_ABOUT_RETURN_TYPE = YES_ERROR;
				GCC_WARN_UNDECLARED_SELECTOR = YES;
				GCC_WARN_UNINITIALIZED_AUTOS = YES_AGGRESSIVE;
				GCC_WARN_UNUSED_FUNCTION = YES;
				GCC_WARN_UNUSED_VARIABLE = YES;
				IPHONEOS_DEPLOYMENT_TARGET = 16.2;
				MTL_ENABLE_DEBUG_INFO = NO;
				MTL_FAST_MATH = YES;
				SDKROOT = iphoneos;
				SWIFT_COMPILATION_MODE = wholemodule;
				SWIFT_OPTIMIZATION_LEVEL = "-O";
				VALIDATE_PRODUCT = YES;
			};
			name = Release;
		};
		919EF4E429993E7C00B1DF20 /* Debug */ = {
			isa = XCBuildConfiguration;
			buildSettings = {
				ASSETCATALOG_COMPILER_APPICON_NAME = AppIcon;
				ASSETCATALOG_COMPILER_GLOBAL_ACCENT_COLOR_NAME = AccentColor;
				CODE_SIGN_STYLE = Automatic;
				CURRENT_PROJECT_VERSION = 1;
				DEVELOPMENT_ASSET_PATHS = "\"Cryptocurrency Price App/Preview Content\"";
				DEVELOPMENT_TEAM = A83DTTZX83;
				ENABLE_PREVIEWS = YES;
				GENERATE_INFOPLIST_FILE = YES;
				INFOPLIST_FILE = "Cryptocurrency-Price-App-Info.plist";
				INFOPLIST_KEY_UIApplicationSceneManifest_Generation = YES;
				INFOPLIST_KEY_UIApplicationSupportsIndirectInputEvents = YES;
				INFOPLIST_KEY_UILaunchScreen_Generation = YES;
				INFOPLIST_KEY_UISupportedInterfaceOrientations_iPad = "UIInterfaceOrientationPortrait UIInterfaceOrientationPortraitUpsideDown UIInterfaceOrientationLandscapeLeft UIInterfaceOrientationLandscapeRight";
				INFOPLIST_KEY_UISupportedInterfaceOrientations_iPhone = "UIInterfaceOrientationPortrait UIInterfaceOrientationLandscapeLeft UIInterfaceOrientationLandscapeRight";
				LD_RUNPATH_SEARCH_PATHS = (
					"$(inherited)",
					"@executable_path/Frameworks",
				);
				MARKETING_VERSION = 1.0;
				PRODUCT_BUNDLE_IDENTIFIER = "com.AdiAmoyal.Cryptocurrency-Price-App";
				PRODUCT_NAME = "$(TARGET_NAME)";
				SWIFT_EMIT_LOC_STRINGS = YES;
				SWIFT_VERSION = 5.0;
				TARGETED_DEVICE_FAMILY = "1,2";
			};
			name = Debug;
		};
		919EF4E529993E7C00B1DF20 /* Release */ = {
			isa = XCBuildConfiguration;
			buildSettings = {
				ASSETCATALOG_COMPILER_APPICON_NAME = AppIcon;
				ASSETCATALOG_COMPILER_GLOBAL_ACCENT_COLOR_NAME = AccentColor;
				CODE_SIGN_STYLE = Automatic;
				CURRENT_PROJECT_VERSION = 1;
				DEVELOPMENT_ASSET_PATHS = "\"Cryptocurrency Price App/Preview Content\"";
				DEVELOPMENT_TEAM = A83DTTZX83;
				ENABLE_PREVIEWS = YES;
				GENERATE_INFOPLIST_FILE = YES;
				INFOPLIST_FILE = "Cryptocurrency-Price-App-Info.plist";
				INFOPLIST_KEY_UIApplicationSceneManifest_Generation = YES;
				INFOPLIST_KEY_UIApplicationSupportsIndirectInputEvents = YES;
				INFOPLIST_KEY_UILaunchScreen_Generation = YES;
				INFOPLIST_KEY_UISupportedInterfaceOrientations_iPad = "UIInterfaceOrientationPortrait UIInterfaceOrientationPortraitUpsideDown UIInterfaceOrientationLandscapeLeft UIInterfaceOrientationLandscapeRight";
				INFOPLIST_KEY_UISupportedInterfaceOrientations_iPhone = "UIInterfaceOrientationPortrait UIInterfaceOrientationLandscapeLeft UIInterfaceOrientationLandscapeRight";
				LD_RUNPATH_SEARCH_PATHS = (
					"$(inherited)",
					"@executable_path/Frameworks",
				);
				MARKETING_VERSION = 1.0;
				PRODUCT_BUNDLE_IDENTIFIER = "com.AdiAmoyal.Cryptocurrency-Price-App";
				PRODUCT_NAME = "$(TARGET_NAME)";
				SWIFT_EMIT_LOC_STRINGS = YES;
				SWIFT_VERSION = 5.0;
				TARGETED_DEVICE_FAMILY = "1,2";
			};
			name = Release;
		};
/* End XCBuildConfiguration section */

/* Begin XCConfigurationList section */
		919EF4D029993E7800B1DF20 /* Build configuration list for PBXProject "Cryptocurrency Price App" */ = {
			isa = XCConfigurationList;
			buildConfigurations = (
				919EF4E129993E7C00B1DF20 /* Debug */,
				919EF4E229993E7C00B1DF20 /* Release */,
			);
			defaultConfigurationIsVisible = 0;
			defaultConfigurationName = Release;
		};
		919EF4E329993E7C00B1DF20 /* Build configuration list for PBXNativeTarget "Cryptocurrency Price App" */ = {
			isa = XCConfigurationList;
			buildConfigurations = (
				919EF4E429993E7C00B1DF20 /* Debug */,
				919EF4E529993E7C00B1DF20 /* Release */,
			);
			defaultConfigurationIsVisible = 0;
			defaultConfigurationName = Release;
		};
/* End XCConfigurationList section */
	};
	rootObject = 919EF4CD29993E7800B1DF20 /* Project object */;
}
